// !$*UTF8*$!
{
	archiveVersion = 1;
	classes = {
	};
	objectVersion = 46;
	objects = {

/* Begin PBXBuildFile section */
		FA18860C1F9A701A009D0E1B /* main.m in Sources */ = {isa = PBXBuildFile; fileRef = FA18860B1F9A701A009D0E1B /* main.m */; };
		FA1886121F9A705E009D0E1B /* CorePromiseTools.m in Sources */ = {isa = PBXBuildFile; fileRef = FA1886111F9A705E009D0E1B /* CorePromiseTools.m */; };
		FA1886141F9A7155009D0E1B /* CorePromise.framework in Frameworks */ = {isa = PBXBuildFile; fileRef = FA694B071CBC013A00217206 /* CorePromise.framework */; };
		FA18861F1F9A7636009D0E1B /* AppDelegate.m in Sources */ = {isa = PBXBuildFile; fileRef = FA18861E1F9A7636009D0E1B /* AppDelegate.m */; };
		FA1886221F9A7636009D0E1B /* ViewController.m in Sources */ = {isa = PBXBuildFile; fileRef = FA1886211F9A7636009D0E1B /* ViewController.m */; };
		FA1886241F9A7636009D0E1B /* Assets.xcassets in Resources */ = {isa = PBXBuildFile; fileRef = FA1886231F9A7636009D0E1B /* Assets.xcassets */; };
		FA1886271F9A7636009D0E1B /* Main.storyboard in Resources */ = {isa = PBXBuildFile; fileRef = FA1886251F9A7636009D0E1B /* Main.storyboard */; };
		FA18862A1F9A7636009D0E1B /* main.m in Sources */ = {isa = PBXBuildFile; fileRef = FA1886291F9A7636009D0E1B /* main.m */; };
		FA18862F1F9A7645009D0E1B /* CorePromise.framework in Frameworks */ = {isa = PBXBuildFile; fileRef = FA694B071CBC013A00217206 /* CorePromise.framework */; };
		FA1886301F9A7645009D0E1B /* CorePromise.framework in Embed Frameworks */ = {isa = PBXBuildFile; fileRef = FA694B071CBC013A00217206 /* CorePromise.framework */; settings = {ATTRIBUTES = (CodeSignOnCopy, RemoveHeadersOnCopy, ); }; };
		FA2682F61F19C4E8005F79A3 /* CPPromise+NSObject.h in Headers */ = {isa = PBXBuildFile; fileRef = FA2682F41F19C4E8005F79A3 /* CPPromise+NSObject.h */; settings = {ATTRIBUTES = (Public, ); }; };
		FA2682F71F19C4E8005F79A3 /* CPPromise+NSObject.h in Headers */ = {isa = PBXBuildFile; fileRef = FA2682F41F19C4E8005F79A3 /* CPPromise+NSObject.h */; settings = {ATTRIBUTES = (Public, ); }; };
		FA2682F81F19C4E8005F79A3 /* CPPromise+NSObject.h in Headers */ = {isa = PBXBuildFile; fileRef = FA2682F41F19C4E8005F79A3 /* CPPromise+NSObject.h */; settings = {ATTRIBUTES = (Public, ); }; };
		FA2682F91F19C4E8005F79A3 /* CPPromise+NSObject.m in Sources */ = {isa = PBXBuildFile; fileRef = FA2682F51F19C4E8005F79A3 /* CPPromise+NSObject.m */; };
		FA2682FA1F19C4E8005F79A3 /* CPPromise+NSObject.m in Sources */ = {isa = PBXBuildFile; fileRef = FA2682F51F19C4E8005F79A3 /* CPPromise+NSObject.m */; };
		FA2682FB1F19C4E8005F79A3 /* CPPromise+NSObject.m in Sources */ = {isa = PBXBuildFile; fileRef = FA2682F51F19C4E8005F79A3 /* CPPromise+NSObject.m */; };
		FA694B0A1CBC013A00217206 /* CorePromise.h in Headers */ = {isa = PBXBuildFile; fileRef = FA694B091CBC013A00217206 /* CorePromise.h */; settings = {ATTRIBUTES = (Public, ); }; };
		FA777AA81D11993D0073D904 /* CPPromise+Foundation.h in Headers */ = {isa = PBXBuildFile; fileRef = FA7A4C201C7BC6BC007A9ED4 /* CPPromise+Foundation.h */; settings = {ATTRIBUTES = (Public, ); }; };
		FA777AA91D11993D0073D904 /* CPPromise+Foundation.m in Sources */ = {isa = PBXBuildFile; fileRef = FA7A4C211C7BC6BC007A9ED4 /* CPPromise+Foundation.m */; };
		FA777AAA1D11993E0073D904 /* CPPromise+Foundation.h in Headers */ = {isa = PBXBuildFile; fileRef = FA7A4C201C7BC6BC007A9ED4 /* CPPromise+Foundation.h */; settings = {ATTRIBUTES = (Public, ); }; };
		FA777AAB1D11993E0073D904 /* CPPromise+Foundation.m in Sources */ = {isa = PBXBuildFile; fileRef = FA7A4C211C7BC6BC007A9ED4 /* CPPromise+Foundation.m */; };
		FA777AAC1D1199430073D904 /* CPPromise+UIKit.h in Headers */ = {isa = PBXBuildFile; fileRef = FA7A4C221C7BC6BC007A9ED4 /* CPPromise+UIKit.h */; settings = {ATTRIBUTES = (Public, ); }; };
		FA777AAD1D1199430073D904 /* CPPromise+UIKit.m in Sources */ = {isa = PBXBuildFile; fileRef = FA7A4C231C7BC6BC007A9ED4 /* CPPromise+UIKit.m */; };
		FA7A4C081C7BC6A3007A9ED4 /* CorePromise.h in Headers */ = {isa = PBXBuildFile; fileRef = FA7A4C071C7BC6A3007A9ED4 /* CorePromise.h */; settings = {ATTRIBUTES = (Public, ); }; };
		FA7A4C0F1C7BC6A3007A9ED4 /* CorePromise.framework in Frameworks */ = {isa = PBXBuildFile; fileRef = FA7A4C041C7BC6A3007A9ED4 /* CorePromise.framework */; };
		FA7A4C141C7BC6A3007A9ED4 /* CorePromiseTests.m in Sources */ = {isa = PBXBuildFile; fileRef = FA7A4C131C7BC6A3007A9ED4 /* CorePromiseTests.m */; };
		FA97DDFF1DBCFB54007A6802 /* AllTests.m in Sources */ = {isa = PBXBuildFile; fileRef = FA97DDFE1DBCFB54007A6802 /* AllTests.m */; };
		FAAFB8C81EDB710500EB550B /* CPPromise+Foundation.m in Sources */ = {isa = PBXBuildFile; fileRef = FA7A4C211C7BC6BC007A9ED4 /* CPPromise+Foundation.m */; };
		FAAFB8C91EDB710500EB550B /* CPPromise.mm in Sources */ = {isa = PBXBuildFile; fileRef = FAFE4AB71DB9457C005D1092 /* CPPromise.mm */; };
		FAAFB8CA1EDB710500EB550B /* CPPromise+UIKit.m in Sources */ = {isa = PBXBuildFile; fileRef = FA7A4C231C7BC6BC007A9ED4 /* CPPromise+UIKit.m */; };
		FAAFB8CD1EDB710500EB550B /* CPPromise+Foundation.h in Headers */ = {isa = PBXBuildFile; fileRef = FA7A4C201C7BC6BC007A9ED4 /* CPPromise+Foundation.h */; settings = {ATTRIBUTES = (Public, ); }; };
		FAAFB8CE1EDB710500EB550B /* CorePromise.h in Headers */ = {isa = PBXBuildFile; fileRef = FA7A4C071C7BC6A3007A9ED4 /* CorePromise.h */; settings = {ATTRIBUTES = (Public, ); }; };
		FAAFB8CF1EDB710500EB550B /* CPPromise+UIKit.h in Headers */ = {isa = PBXBuildFile; fileRef = FA7A4C221C7BC6BC007A9ED4 /* CPPromise+UIKit.h */; settings = {ATTRIBUTES = (Public, ); }; };
		FAAFB8D01EDB710500EB550B /* CPPromise.h in Headers */ = {isa = PBXBuildFile; fileRef = FAFE4AB61DB9457C005D1092 /* CPPromise.h */; settings = {ATTRIBUTES = (Public, ); }; };
		FAFE4AB81DB9457C005D1092 /* CPPromise.h in Headers */ = {isa = PBXBuildFile; fileRef = FAFE4AB61DB9457C005D1092 /* CPPromise.h */; settings = {ATTRIBUTES = (Public, ); }; };
		FAFE4AB91DB9457C005D1092 /* CPPromise.h in Headers */ = {isa = PBXBuildFile; fileRef = FAFE4AB61DB9457C005D1092 /* CPPromise.h */; settings = {ATTRIBUTES = (Public, ); }; };
		FAFE4ABA1DB9457C005D1092 /* CPPromise.mm in Sources */ = {isa = PBXBuildFile; fileRef = FAFE4AB71DB9457C005D1092 /* CPPromise.mm */; };
		FAFE4ABB1DB9457C005D1092 /* CPPromise.mm in Sources */ = {isa = PBXBuildFile; fileRef = FAFE4AB71DB9457C005D1092 /* CPPromise.mm */; };
		FAFE4B071DBA5147005D1092 /* AnyPromiseTests.m in Sources */ = {isa = PBXBuildFile; fileRef = FAFE4AFF1DBA5147005D1092 /* AnyPromiseTests.m */; };
		FAFE4B0A1DBA5147005D1092 /* HangTests.m in Sources */ = {isa = PBXBuildFile; fileRef = FAFE4B021DBA5147005D1092 /* HangTests.m */; };
		FAFE4B0B1DBA5147005D1092 /* JoinTests.m in Sources */ = {isa = PBXBuildFile; fileRef = FAFE4B031DBA5147005D1092 /* JoinTests.m */; };
		FAFE4B0E1DBA6FBB005D1092 /* WhenTests.m in Sources */ = {isa = PBXBuildFile; fileRef = FAFE4B041DBA5147005D1092 /* WhenTests.m */; };
/* End PBXBuildFile section */

/* Begin PBXContainerItemProxy section */
		FA1886151F9A715C009D0E1B /* PBXContainerItemProxy */ = {
			isa = PBXContainerItemProxy;
			containerPortal = FA7A4BFB1C7BC6A3007A9ED4 /* Project object */;
			proxyType = 1;
			remoteGlobalIDString = FA694B061CBC013A00217206;
			remoteInfo = "CorePromise Mac";
		};
		FA1886311F9A7645009D0E1B /* PBXContainerItemProxy */ = {
			isa = PBXContainerItemProxy;
			containerPortal = FA7A4BFB1C7BC6A3007A9ED4 /* Project object */;
			proxyType = 1;
			remoteGlobalIDString = FA694B061CBC013A00217206;
			remoteInfo = "CorePromise Mac";
		};
		FA7A4C101C7BC6A3007A9ED4 /* PBXContainerItemProxy */ = {
			isa = PBXContainerItemProxy;
			containerPortal = FA7A4BFB1C7BC6A3007A9ED4 /* Project object */;
			proxyType = 1;
			remoteGlobalIDString = FA7A4C031C7BC6A3007A9ED4;
			remoteInfo = CorePromise;
		};
/* End PBXContainerItemProxy section */

/* Begin PBXCopyFilesBuildPhase section */
		FA1886071F9A701A009D0E1B /* CopyFiles */ = {
			isa = PBXCopyFilesBuildPhase;
			buildActionMask = 2147483647;
			dstPath = /usr/share/man/man1/;
			dstSubfolderSpec = 0;
			files = (
			);
			runOnlyForDeploymentPostprocessing = 1;
		};
		FA1886331F9A7646009D0E1B /* Embed Frameworks */ = {
			isa = PBXCopyFilesBuildPhase;
			buildActionMask = 2147483647;
			dstPath = "";
			dstSubfolderSpec = 10;
			files = (
				FA1886301F9A7645009D0E1B /* CorePromise.framework in Embed Frameworks */,
			);
			name = "Embed Frameworks";
			runOnlyForDeploymentPostprocessing = 0;
		};
/* End PBXCopyFilesBuildPhase section */

/* Begin PBXFileReference section */
		FA1886091F9A701A009D0E1B /* CorePromiseTestTool */ = {isa = PBXFileReference; explicitFileType = "compiled.mach-o.executable"; includeInIndex = 0; path = CorePromiseTestTool; sourceTree = BUILT_PRODUCTS_DIR; };
		FA18860B1F9A701A009D0E1B /* main.m */ = {isa = PBXFileReference; lastKnownFileType = sourcecode.c.objc; path = main.m; sourceTree = "<group>"; };
		FA1886101F9A705E009D0E1B /* CorePromiseTools.h */ = {isa = PBXFileReference; lastKnownFileType = sourcecode.c.h; path = CorePromiseTools.h; sourceTree = "<group>"; };
		FA1886111F9A705E009D0E1B /* CorePromiseTools.m */ = {isa = PBXFileReference; lastKnownFileType = sourcecode.c.objc; path = CorePromiseTools.m; sourceTree = "<group>"; };
		FA18861B1F9A7636009D0E1B /* CorePromiseGUITest.app */ = {isa = PBXFileReference; explicitFileType = wrapper.application; includeInIndex = 0; path = CorePromiseGUITest.app; sourceTree = BUILT_PRODUCTS_DIR; };
		FA18861D1F9A7636009D0E1B /* AppDelegate.h */ = {isa = PBXFileReference; lastKnownFileType = sourcecode.c.h; path = AppDelegate.h; sourceTree = "<group>"; };
		FA18861E1F9A7636009D0E1B /* AppDelegate.m */ = {isa = PBXFileReference; lastKnownFileType = sourcecode.c.objc; path = AppDelegate.m; sourceTree = "<group>"; };
		FA1886201F9A7636009D0E1B /* ViewController.h */ = {isa = PBXFileReference; lastKnownFileType = sourcecode.c.h; path = ViewController.h; sourceTree = "<group>"; };
		FA1886211F9A7636009D0E1B /* ViewController.m */ = {isa = PBXFileReference; lastKnownFileType = sourcecode.c.objc; path = ViewController.m; sourceTree = "<group>"; };
		FA1886231F9A7636009D0E1B /* Assets.xcassets */ = {isa = PBXFileReference; lastKnownFileType = folder.assetcatalog; path = Assets.xcassets; sourceTree = "<group>"; };
		FA1886261F9A7636009D0E1B /* Base */ = {isa = PBXFileReference; lastKnownFileType = file.storyboard; name = Base; path = Base.lproj/Main.storyboard; sourceTree = "<group>"; };
		FA1886281F9A7636009D0E1B /* Info.plist */ = {isa = PBXFileReference; lastKnownFileType = text.plist.xml; path = Info.plist; sourceTree = "<group>"; };
		FA1886291F9A7636009D0E1B /* main.m */ = {isa = PBXFileReference; lastKnownFileType = sourcecode.c.objc; path = main.m; sourceTree = "<group>"; };
		FA18862B1F9A7636009D0E1B /* CorePromiseGUITest.entitlements */ = {isa = PBXFileReference; lastKnownFileType = text.plist.entitlements; path = CorePromiseGUITest.entitlements; sourceTree = "<group>"; };
		FA2682F41F19C4E8005F79A3 /* CPPromise+NSObject.h */ = {isa = PBXFileReference; lastKnownFileType = sourcecode.c.h; path = "CPPromise+NSObject.h"; sourceTree = "<group>"; };
		FA2682F51F19C4E8005F79A3 /* CPPromise+NSObject.m */ = {isa = PBXFileReference; lastKnownFileType = sourcecode.c.objc; path = "CPPromise+NSObject.m"; sourceTree = "<group>"; };
		FA694B071CBC013A00217206 /* CorePromise.framework */ = {isa = PBXFileReference; explicitFileType = wrapper.framework; includeInIndex = 0; path = CorePromise.framework; sourceTree = BUILT_PRODUCTS_DIR; };
		FA694B091CBC013A00217206 /* CorePromise.h */ = {isa = PBXFileReference; lastKnownFileType = sourcecode.c.h; path = CorePromise.h; sourceTree = "<group>"; };
		FA694B0B1CBC013A00217206 /* Info.plist */ = {isa = PBXFileReference; lastKnownFileType = text.plist.xml; path = Info.plist; sourceTree = "<group>"; };
		FA7A4C041C7BC6A3007A9ED4 /* CorePromise.framework */ = {isa = PBXFileReference; explicitFileType = wrapper.framework; includeInIndex = 0; path = CorePromise.framework; sourceTree = BUILT_PRODUCTS_DIR; };
		FA7A4C071C7BC6A3007A9ED4 /* CorePromise.h */ = {isa = PBXFileReference; lastKnownFileType = sourcecode.c.h; path = CorePromise.h; sourceTree = "<group>"; };
		FA7A4C091C7BC6A3007A9ED4 /* Info.plist */ = {isa = PBXFileReference; lastKnownFileType = text.plist.xml; path = Info.plist; sourceTree = "<group>"; };
		FA7A4C0E1C7BC6A3007A9ED4 /* CorePromiseTests.xctest */ = {isa = PBXFileReference; explicitFileType = wrapper.cfbundle; includeInIndex = 0; path = CorePromiseTests.xctest; sourceTree = BUILT_PRODUCTS_DIR; };
		FA7A4C131C7BC6A3007A9ED4 /* CorePromiseTests.m */ = {isa = PBXFileReference; lastKnownFileType = sourcecode.c.objc; path = CorePromiseTests.m; sourceTree = "<group>"; };
		FA7A4C151C7BC6A3007A9ED4 /* Info.plist */ = {isa = PBXFileReference; lastKnownFileType = text.plist.xml; path = Info.plist; sourceTree = "<group>"; };
		FA7A4C201C7BC6BC007A9ED4 /* CPPromise+Foundation.h */ = {isa = PBXFileReference; fileEncoding = 4; lastKnownFileType = sourcecode.c.h; path = "CPPromise+Foundation.h"; sourceTree = "<group>"; };
		FA7A4C211C7BC6BC007A9ED4 /* CPPromise+Foundation.m */ = {isa = PBXFileReference; fileEncoding = 4; lastKnownFileType = sourcecode.c.objc; path = "CPPromise+Foundation.m"; sourceTree = "<group>"; };
		FA7A4C221C7BC6BC007A9ED4 /* CPPromise+UIKit.h */ = {isa = PBXFileReference; fileEncoding = 4; lastKnownFileType = sourcecode.c.h; path = "CPPromise+UIKit.h"; sourceTree = "<group>"; };
		FA7A4C231C7BC6BC007A9ED4 /* CPPromise+UIKit.m */ = {isa = PBXFileReference; fileEncoding = 4; lastKnownFileType = sourcecode.c.objc; path = "CPPromise+UIKit.m"; sourceTree = "<group>"; };
		FA97DDFE1DBCFB54007A6802 /* AllTests.m */ = {isa = PBXFileReference; fileEncoding = 4; lastKnownFileType = sourcecode.c.objc; path = AllTests.m; sourceTree = "<group>"; };
		FAAFB8D51EDB710500EB550B /* CorePromise.framework */ = {isa = PBXFileReference; explicitFileType = wrapper.framework; includeInIndex = 0; path = CorePromise.framework; sourceTree = BUILT_PRODUCTS_DIR; };
		FAFE4AB61DB9457C005D1092 /* CPPromise.h */ = {isa = PBXFileReference; fileEncoding = 4; lastKnownFileType = sourcecode.c.h; path = CPPromise.h; sourceTree = "<group>"; };
		FAFE4AB71DB9457C005D1092 /* CPPromise.mm */ = {isa = PBXFileReference; fileEncoding = 4; lastKnownFileType = sourcecode.cpp.objcpp; path = CPPromise.mm; sourceTree = "<group>"; };
		FAFE4AFF1DBA5147005D1092 /* AnyPromiseTests.m */ = {isa = PBXFileReference; fileEncoding = 4; lastKnownFileType = sourcecode.c.objc; path = AnyPromiseTests.m; sourceTree = "<group>"; };
		FAFE4B021DBA5147005D1092 /* HangTests.m */ = {isa = PBXFileReference; fileEncoding = 4; lastKnownFileType = sourcecode.c.objc; path = HangTests.m; sourceTree = "<group>"; };
		FAFE4B031DBA5147005D1092 /* JoinTests.m */ = {isa = PBXFileReference; fileEncoding = 4; lastKnownFileType = sourcecode.c.objc; path = JoinTests.m; sourceTree = "<group>"; };
		FAFE4B041DBA5147005D1092 /* WhenTests.m */ = {isa = PBXFileReference; fileEncoding = 4; lastKnownFileType = sourcecode.c.objc; path = WhenTests.m; sourceTree = "<group>"; };
/* End PBXFileReference section */

/* Begin PBXFrameworksBuildPhase section */
		FA1886061F9A701A009D0E1B /* Frameworks */ = {
			isa = PBXFrameworksBuildPhase;
			buildActionMask = 2147483647;
			files = (
				FA1886141F9A7155009D0E1B /* CorePromise.framework in Frameworks */,
			);
			runOnlyForDeploymentPostprocessing = 0;
		};
		FA1886181F9A7636009D0E1B /* Frameworks */ = {
			isa = PBXFrameworksBuildPhase;
			buildActionMask = 2147483647;
			files = (
				FA18862F1F9A7645009D0E1B /* CorePromise.framework in Frameworks */,
			);
			runOnlyForDeploymentPostprocessing = 0;
		};
		FA694B031CBC013A00217206 /* Frameworks */ = {
			isa = PBXFrameworksBuildPhase;
			buildActionMask = 2147483647;
			files = (
			);
			runOnlyForDeploymentPostprocessing = 0;
		};
		FA7A4C001C7BC6A3007A9ED4 /* Frameworks */ = {
			isa = PBXFrameworksBuildPhase;
			buildActionMask = 2147483647;
			files = (
			);
			runOnlyForDeploymentPostprocessing = 0;
		};
		FA7A4C0B1C7BC6A3007A9ED4 /* Frameworks */ = {
			isa = PBXFrameworksBuildPhase;
			buildActionMask = 2147483647;
			files = (
				FA7A4C0F1C7BC6A3007A9ED4 /* CorePromise.framework in Frameworks */,
			);
			runOnlyForDeploymentPostprocessing = 0;
		};
		FAAFB8CB1EDB710500EB550B /* Frameworks */ = {
			isa = PBXFrameworksBuildPhase;
			buildActionMask = 2147483647;
			files = (
			);
			runOnlyForDeploymentPostprocessing = 0;
		};
/* End PBXFrameworksBuildPhase section */

/* Begin PBXGroup section */
		FA18860A1F9A701A009D0E1B /* CorePromiseTestTool */ = {
			isa = PBXGroup;
			children = (
				FA18860B1F9A701A009D0E1B /* main.m */,
				FA1886101F9A705E009D0E1B /* CorePromiseTools.h */,
				FA1886111F9A705E009D0E1B /* CorePromiseTools.m */,
			);
			path = CorePromiseTestTool;
			sourceTree = "<group>";
		};
		FA1886131F9A7155009D0E1B /* Frameworks */ = {
			isa = PBXGroup;
			children = (
			);
			name = Frameworks;
			sourceTree = "<group>";
		};
		FA18861C1F9A7636009D0E1B /* CorePromiseGUITest */ = {
			isa = PBXGroup;
			children = (
				FA18861D1F9A7636009D0E1B /* AppDelegate.h */,
				FA18861E1F9A7636009D0E1B /* AppDelegate.m */,
				FA1886201F9A7636009D0E1B /* ViewController.h */,
				FA1886211F9A7636009D0E1B /* ViewController.m */,
				FA1886231F9A7636009D0E1B /* Assets.xcassets */,
				FA1886251F9A7636009D0E1B /* Main.storyboard */,
				FA1886281F9A7636009D0E1B /* Info.plist */,
				FA1886291F9A7636009D0E1B /* main.m */,
				FA18862B1F9A7636009D0E1B /* CorePromiseGUITest.entitlements */,
			);
			path = CorePromiseGUITest;
			sourceTree = "<group>";
		};
		FA694B081CBC013A00217206 /* CorePromise */ = {
			isa = PBXGroup;
			children = (
				FA694B091CBC013A00217206 /* CorePromise.h */,
				FA694B0B1CBC013A00217206 /* Info.plist */,
			);
			path = CorePromise;
			sourceTree = "<group>";
		};
		FA7A4BFA1C7BC6A3007A9ED4 = {
			isa = PBXGroup;
			children = (
				FA7A4C061C7BC6A3007A9ED4 /* CorePromise */,
				FA7A4C121C7BC6A3007A9ED4 /* CorePromiseTests */,
				FA694B081CBC013A00217206 /* CorePromise */,
				FA18860A1F9A701A009D0E1B /* CorePromiseTestTool */,
				FA18861C1F9A7636009D0E1B /* CorePromiseGUITest */,
				FA7A4C051C7BC6A3007A9ED4 /* Products */,
				FA1886131F9A7155009D0E1B /* Frameworks */,
			);
			sourceTree = "<group>";
		};
		FA7A4C051C7BC6A3007A9ED4 /* Products */ = {
			isa = PBXGroup;
			children = (
				FA7A4C041C7BC6A3007A9ED4 /* CorePromise.framework */,
				FA7A4C0E1C7BC6A3007A9ED4 /* CorePromiseTests.xctest */,
				FA694B071CBC013A00217206 /* CorePromise.framework */,
				FAAFB8D51EDB710500EB550B /* CorePromise.framework */,
				FA1886091F9A701A009D0E1B /* CorePromiseTestTool */,
				FA18861B1F9A7636009D0E1B /* CorePromiseGUITest.app */,
			);
			name = Products;
			sourceTree = "<group>";
		};
		FA7A4C061C7BC6A3007A9ED4 /* CorePromise */ = {
			isa = PBXGroup;
			children = (
				FA7A4C071C7BC6A3007A9ED4 /* CorePromise.h */,
				FAFE4AB61DB9457C005D1092 /* CPPromise.h */,
				FAFE4AB71DB9457C005D1092 /* CPPromise.mm */,
				FA7A4C201C7BC6BC007A9ED4 /* CPPromise+Foundation.h */,
				FA7A4C211C7BC6BC007A9ED4 /* CPPromise+Foundation.m */,
				FA2682F41F19C4E8005F79A3 /* CPPromise+NSObject.h */,
				FA2682F51F19C4E8005F79A3 /* CPPromise+NSObject.m */,
				FA7A4C221C7BC6BC007A9ED4 /* CPPromise+UIKit.h */,
				FA7A4C231C7BC6BC007A9ED4 /* CPPromise+UIKit.m */,
				FA7A4C091C7BC6A3007A9ED4 /* Info.plist */,
			);
			path = CorePromise;
			sourceTree = "<group>";
		};
		FA7A4C121C7BC6A3007A9ED4 /* CorePromiseTests */ = {
			isa = PBXGroup;
			children = (
				FA7A4C131C7BC6A3007A9ED4 /* CorePromiseTests.m */,
				FAFE4AFF1DBA5147005D1092 /* AnyPromiseTests.m */,
				FAFE4B021DBA5147005D1092 /* HangTests.m */,
				FAFE4B031DBA5147005D1092 /* JoinTests.m */,
				FAFE4B041DBA5147005D1092 /* WhenTests.m */,
				FA97DDFE1DBCFB54007A6802 /* AllTests.m */,
				FA7A4C151C7BC6A3007A9ED4 /* Info.plist */,
			);
			path = CorePromiseTests;
			sourceTree = "<group>";
		};
/* End PBXGroup section */

/* Begin PBXHeadersBuildPhase section */
		FA694B041CBC013A00217206 /* Headers */ = {
			isa = PBXHeadersBuildPhase;
			buildActionMask = 2147483647;
			files = (
				FA777AAA1D11993E0073D904 /* CPPromise+Foundation.h in Headers */,
				FA2682F81F19C4E8005F79A3 /* CPPromise+NSObject.h in Headers */,
				FAFE4AB91DB9457C005D1092 /* CPPromise.h in Headers */,
				FA694B0A1CBC013A00217206 /* CorePromise.h in Headers */,
			);
			runOnlyForDeploymentPostprocessing = 0;
		};
		FA7A4C011C7BC6A3007A9ED4 /* Headers */ = {
			isa = PBXHeadersBuildPhase;
			buildActionMask = 2147483647;
			files = (
				FA777AA81D11993D0073D904 /* CPPromise+Foundation.h in Headers */,
				FA7A4C081C7BC6A3007A9ED4 /* CorePromise.h in Headers */,
				FA2682F61F19C4E8005F79A3 /* CPPromise+NSObject.h in Headers */,
				FA777AAC1D1199430073D904 /* CPPromise+UIKit.h in Headers */,
				FAFE4AB81DB9457C005D1092 /* CPPromise.h in Headers */,
			);
			runOnlyForDeploymentPostprocessing = 0;
		};
		FAAFB8CC1EDB710500EB550B /* Headers */ = {
			isa = PBXHeadersBuildPhase;
			buildActionMask = 2147483647;
			files = (
				FAAFB8CD1EDB710500EB550B /* CPPromise+Foundation.h in Headers */,
				FAAFB8CE1EDB710500EB550B /* CorePromise.h in Headers */,
				FA2682F71F19C4E8005F79A3 /* CPPromise+NSObject.h in Headers */,
				FAAFB8CF1EDB710500EB550B /* CPPromise+UIKit.h in Headers */,
				FAAFB8D01EDB710500EB550B /* CPPromise.h in Headers */,
			);
			runOnlyForDeploymentPostprocessing = 0;
		};
/* End PBXHeadersBuildPhase section */

/* Begin PBXNativeTarget section */
		FA1886081F9A701A009D0E1B /* CorePromiseTestTool */ = {
			isa = PBXNativeTarget;
			buildConfigurationList = FA18860F1F9A701A009D0E1B /* Build configuration list for PBXNativeTarget "CorePromiseTestTool" */;
			buildPhases = (
				FA1886051F9A701A009D0E1B /* Sources */,
				FA1886061F9A701A009D0E1B /* Frameworks */,
				FA1886071F9A701A009D0E1B /* CopyFiles */,
			);
			buildRules = (
			);
			dependencies = (
				FA1886161F9A715C009D0E1B /* PBXTargetDependency */,
			);
			name = CorePromiseTestTool;
			productName = CorePromiseTestTool;
			productReference = FA1886091F9A701A009D0E1B /* CorePromiseTestTool */;
			productType = "com.apple.product-type.tool";
		};
		FA18861A1F9A7636009D0E1B /* CorePromiseGUITest */ = {
			isa = PBXNativeTarget;
			buildConfigurationList = FA18862C1F9A7636009D0E1B /* Build configuration list for PBXNativeTarget "CorePromiseGUITest" */;
			buildPhases = (
				FA1886171F9A7636009D0E1B /* Sources */,
				FA1886181F9A7636009D0E1B /* Frameworks */,
				FA1886191F9A7636009D0E1B /* Resources */,
				FA1886331F9A7646009D0E1B /* Embed Frameworks */,
			);
			buildRules = (
			);
			dependencies = (
				FA1886321F9A7645009D0E1B /* PBXTargetDependency */,
			);
			name = CorePromiseGUITest;
			productName = CorePromiseGUITest;
			productReference = FA18861B1F9A7636009D0E1B /* CorePromiseGUITest.app */;
			productType = "com.apple.product-type.application";
		};
		FA694B061CBC013A00217206 /* CorePromise Mac */ = {
			isa = PBXNativeTarget;
			buildConfigurationList = FA694B0C1CBC013A00217206 /* Build configuration list for PBXNativeTarget "CorePromise Mac" */;
			buildPhases = (
				FA694B021CBC013A00217206 /* Sources */,
				FA694B031CBC013A00217206 /* Frameworks */,
				FA694B041CBC013A00217206 /* Headers */,
				FA694B051CBC013A00217206 /* Resources */,
			);
			buildRules = (
			);
			dependencies = (
			);
			name = "CorePromise Mac";
			productName = CorePromise;
			productReference = FA694B071CBC013A00217206 /* CorePromise.framework */;
			productType = "com.apple.product-type.framework";
		};
		FA7A4C031C7BC6A3007A9ED4 /* CorePromise iOS */ = {
			isa = PBXNativeTarget;
			buildConfigurationList = FA7A4C181C7BC6A3007A9ED4 /* Build configuration list for PBXNativeTarget "CorePromise iOS" */;
			buildPhases = (
				FA7A4BFF1C7BC6A3007A9ED4 /* Sources */,
				FA7A4C001C7BC6A3007A9ED4 /* Frameworks */,
				FA7A4C011C7BC6A3007A9ED4 /* Headers */,
				FA7A4C021C7BC6A3007A9ED4 /* Resources */,
			);
			buildRules = (
			);
			dependencies = (
			);
			name = "CorePromise iOS";
			productName = CorePromise;
			productReference = FA7A4C041C7BC6A3007A9ED4 /* CorePromise.framework */;
			productType = "com.apple.product-type.framework";
		};
		FA7A4C0D1C7BC6A3007A9ED4 /* CorePromiseTests */ = {
			isa = PBXNativeTarget;
			buildConfigurationList = FA7A4C1B1C7BC6A3007A9ED4 /* Build configuration list for PBXNativeTarget "CorePromiseTests" */;
			buildPhases = (
				FA7A4C0A1C7BC6A3007A9ED4 /* Sources */,
				FA7A4C0B1C7BC6A3007A9ED4 /* Frameworks */,
				FA7A4C0C1C7BC6A3007A9ED4 /* Resources */,
			);
			buildRules = (
			);
			dependencies = (
				FA7A4C111C7BC6A3007A9ED4 /* PBXTargetDependency */,
			);
			name = CorePromiseTests;
			productName = CorePromiseTests;
			productReference = FA7A4C0E1C7BC6A3007A9ED4 /* CorePromiseTests.xctest */;
			productType = "com.apple.product-type.bundle.unit-test";
		};
		FAAFB8C61EDB710500EB550B /* CorePromise ATV */ = {
			isa = PBXNativeTarget;
			buildConfigurationList = FAAFB8D21EDB710500EB550B /* Build configuration list for PBXNativeTarget "CorePromise ATV" */;
			buildPhases = (
				FAAFB8C71EDB710500EB550B /* Sources */,
				FAAFB8CB1EDB710500EB550B /* Frameworks */,
				FAAFB8CC1EDB710500EB550B /* Headers */,
				FAAFB8D11EDB710500EB550B /* Resources */,
			);
			buildRules = (
			);
			dependencies = (
			);
			name = "CorePromise ATV";
			productName = CorePromise;
			productReference = FAAFB8D51EDB710500EB550B /* CorePromise.framework */;
			productType = "com.apple.product-type.framework";
		};
/* End PBXNativeTarget section */

/* Begin PBXProject section */
		FA7A4BFB1C7BC6A3007A9ED4 /* Project object */ = {
			isa = PBXProject;
			attributes = {
				LastUpgradeCheck = 0900;
				ORGANIZATIONNAME = "X-Rite, Inc.";
				TargetAttributes = {
					FA1886081F9A701A009D0E1B = {
						CreatedOnToolsVersion = 9.0.1;
						DevelopmentTeam = 4NFXNUDA89;
						ProvisioningStyle = Automatic;
					};
					FA18861A1F9A7636009D0E1B = {
						CreatedOnToolsVersion = 9.0.1;
						DevelopmentTeam = 4NFXNUDA89;
						ProvisioningStyle = Automatic;
					};
					FA694B061CBC013A00217206 = {
						CreatedOnToolsVersion = 7.3;
						DevelopmentTeam = 4NFXNUDA89;
						ProvisioningStyle = Manual;
					};
					FA7A4C031C7BC6A3007A9ED4 = {
						CreatedOnToolsVersion = 7.2.1;
						ProvisioningStyle = Manual;
					};
					FA7A4C0D1C7BC6A3007A9ED4 = {
						CreatedOnToolsVersion = 7.2.1;
						DevelopmentTeam = 4NFXNUDA89;
						ProvisioningStyle = Automatic;
					};
				};
			};
			buildConfigurationList = FA7A4BFE1C7BC6A3007A9ED4 /* Build configuration list for PBXProject "CorePromise" */;
			compatibilityVersion = "Xcode 3.2";
			developmentRegion = English;
			hasScannedForEncodings = 0;
			knownRegions = (
				en,
				Base,
			);
			mainGroup = FA7A4BFA1C7BC6A3007A9ED4;
			productRefGroup = FA7A4C051C7BC6A3007A9ED4 /* Products */;
			projectDirPath = "";
			projectRoot = "";
			targets = (
				FA7A4C031C7BC6A3007A9ED4 /* CorePromise iOS */,
				FAAFB8C61EDB710500EB550B /* CorePromise ATV */,
				FA694B061CBC013A00217206 /* CorePromise Mac */,
				FA7A4C0D1C7BC6A3007A9ED4 /* CorePromiseTests */,
				FA1886081F9A701A009D0E1B /* CorePromiseTestTool */,
				FA18861A1F9A7636009D0E1B /* CorePromiseGUITest */,
			);
		};
/* End PBXProject section */

/* Begin PBXResourcesBuildPhase section */
		FA1886191F9A7636009D0E1B /* Resources */ = {
			isa = PBXResourcesBuildPhase;
			buildActionMask = 2147483647;
			files = (
				FA1886241F9A7636009D0E1B /* Assets.xcassets in Resources */,
				FA1886271F9A7636009D0E1B /* Main.storyboard in Resources */,
			);
			runOnlyForDeploymentPostprocessing = 0;
		};
		FA694B051CBC013A00217206 /* Resources */ = {
			isa = PBXResourcesBuildPhase;
			buildActionMask = 2147483647;
			files = (
			);
			runOnlyForDeploymentPostprocessing = 0;
		};
		FA7A4C021C7BC6A3007A9ED4 /* Resources */ = {
			isa = PBXResourcesBuildPhase;
			buildActionMask = 2147483647;
			files = (
			);
			runOnlyForDeploymentPostprocessing = 0;
		};
		FA7A4C0C1C7BC6A3007A9ED4 /* Resources */ = {
			isa = PBXResourcesBuildPhase;
			buildActionMask = 2147483647;
			files = (
			);
			runOnlyForDeploymentPostprocessing = 0;
		};
		FAAFB8D11EDB710500EB550B /* Resources */ = {
			isa = PBXResourcesBuildPhase;
			buildActionMask = 2147483647;
			files = (
			);
			runOnlyForDeploymentPostprocessing = 0;
		};
/* End PBXResourcesBuildPhase section */

/* Begin PBXSourcesBuildPhase section */
		FA1886051F9A701A009D0E1B /* Sources */ = {
			isa = PBXSourcesBuildPhase;
			buildActionMask = 2147483647;
			files = (
				FA1886121F9A705E009D0E1B /* CorePromiseTools.m in Sources */,
				FA18860C1F9A701A009D0E1B /* main.m in Sources */,
			);
			runOnlyForDeploymentPostprocessing = 0;
		};
		FA1886171F9A7636009D0E1B /* Sources */ = {
			isa = PBXSourcesBuildPhase;
			buildActionMask = 2147483647;
			files = (
				FA1886221F9A7636009D0E1B /* ViewController.m in Sources */,
				FA18862A1F9A7636009D0E1B /* main.m in Sources */,
				FA18861F1F9A7636009D0E1B /* AppDelegate.m in Sources */,
			);
			runOnlyForDeploymentPostprocessing = 0;
		};
		FA694B021CBC013A00217206 /* Sources */ = {
			isa = PBXSourcesBuildPhase;
			buildActionMask = 2147483647;
			files = (
				FA2682FB1F19C4E8005F79A3 /* CPPromise+NSObject.m in Sources */,
				FAFE4ABB1DB9457C005D1092 /* CPPromise.mm in Sources */,
				FA777AAB1D11993E0073D904 /* CPPromise+Foundation.m in Sources */,
			);
			runOnlyForDeploymentPostprocessing = 0;
		};
		FA7A4BFF1C7BC6A3007A9ED4 /* Sources */ = {
			isa = PBXSourcesBuildPhase;
			buildActionMask = 2147483647;
			files = (
				FA777AA91D11993D0073D904 /* CPPromise+Foundation.m in Sources */,
				FAFE4ABA1DB9457C005D1092 /* CPPromise.mm in Sources */,
				FA2682F91F19C4E8005F79A3 /* CPPromise+NSObject.m in Sources */,
				FA777AAD1D1199430073D904 /* CPPromise+UIKit.m in Sources */,
			);
			runOnlyForDeploymentPostprocessing = 0;
		};
		FA7A4C0A1C7BC6A3007A9ED4 /* Sources */ = {
			isa = PBXSourcesBuildPhase;
			buildActionMask = 2147483647;
			files = (
				FA7A4C141C7BC6A3007A9ED4 /* CorePromiseTests.m in Sources */,
				FAFE4B0B1DBA5147005D1092 /* JoinTests.m in Sources */,
				FAFE4B0A1DBA5147005D1092 /* HangTests.m in Sources */,
				FA97DDFF1DBCFB54007A6802 /* AllTests.m in Sources */,
				FAFE4B0E1DBA6FBB005D1092 /* WhenTests.m in Sources */,
				FAFE4B071DBA5147005D1092 /* AnyPromiseTests.m in Sources */,
			);
			runOnlyForDeploymentPostprocessing = 0;
		};
		FAAFB8C71EDB710500EB550B /* Sources */ = {
			isa = PBXSourcesBuildPhase;
			buildActionMask = 2147483647;
			files = (
				FAAFB8C81EDB710500EB550B /* CPPromise+Foundation.m in Sources */,
				FAAFB8C91EDB710500EB550B /* CPPromise.mm in Sources */,
				FA2682FA1F19C4E8005F79A3 /* CPPromise+NSObject.m in Sources */,
				FAAFB8CA1EDB710500EB550B /* CPPromise+UIKit.m in Sources */,
			);
			runOnlyForDeploymentPostprocessing = 0;
		};
/* End PBXSourcesBuildPhase section */

/* Begin PBXTargetDependency section */
		FA1886161F9A715C009D0E1B /* PBXTargetDependency */ = {
			isa = PBXTargetDependency;
			target = FA694B061CBC013A00217206 /* CorePromise Mac */;
			targetProxy = FA1886151F9A715C009D0E1B /* PBXContainerItemProxy */;
		};
		FA1886321F9A7645009D0E1B /* PBXTargetDependency */ = {
			isa = PBXTargetDependency;
			target = FA694B061CBC013A00217206 /* CorePromise Mac */;
			targetProxy = FA1886311F9A7645009D0E1B /* PBXContainerItemProxy */;
		};
		FA7A4C111C7BC6A3007A9ED4 /* PBXTargetDependency */ = {
			isa = PBXTargetDependency;
			target = FA7A4C031C7BC6A3007A9ED4 /* CorePromise iOS */;
			targetProxy = FA7A4C101C7BC6A3007A9ED4 /* PBXContainerItemProxy */;
		};
/* End PBXTargetDependency section */

/* Begin PBXVariantGroup section */
		FA1886251F9A7636009D0E1B /* Main.storyboard */ = {
			isa = PBXVariantGroup;
			children = (
				FA1886261F9A7636009D0E1B /* Base */,
			);
			name = Main.storyboard;
			sourceTree = "<group>";
		};
/* End PBXVariantGroup section */

/* Begin XCBuildConfiguration section */
		FA18860D1F9A701A009D0E1B /* Debug */ = {
			isa = XCBuildConfiguration;
			buildSettings = {
				CLANG_ALLOW_NON_MODULAR_INCLUDES_IN_FRAMEWORK_MODULES = YES;
				CLANG_ANALYZER_NONNULL = YES;
				CLANG_ANALYZER_NUMBER_OBJECT_CONVERSION = YES_AGGRESSIVE;
				CLANG_CXX_LANGUAGE_STANDARD = "gnu++14";
				CLANG_WARN_DOCUMENTATION_COMMENTS = YES;
				CLANG_WARN_UNGUARDED_AVAILABILITY = YES_AGGRESSIVE;
				CODE_SIGN_IDENTITY = "Mac Developer";
				CODE_SIGN_STYLE = Automatic;
				DEVELOPMENT_TEAM = 4NFXNUDA89;
				GCC_C_LANGUAGE_STANDARD = gnu11;
				MACOSX_DEPLOYMENT_TARGET = 10.13;
				PRODUCT_NAME = "$(TARGET_NAME)";
				SDKROOT = macosx;
			};
			name = Debug;
		};
		FA18860E1F9A701A009D0E1B /* Release */ = {
			isa = XCBuildConfiguration;
			buildSettings = {
				CLANG_ALLOW_NON_MODULAR_INCLUDES_IN_FRAMEWORK_MODULES = YES;
				CLANG_ANALYZER_NONNULL = YES;
				CLANG_ANALYZER_NUMBER_OBJECT_CONVERSION = YES_AGGRESSIVE;
				CLANG_CXX_LANGUAGE_STANDARD = "gnu++14";
				CLANG_WARN_DOCUMENTATION_COMMENTS = YES;
				CLANG_WARN_UNGUARDED_AVAILABILITY = YES_AGGRESSIVE;
				CODE_SIGN_IDENTITY = "Mac Developer";
				CODE_SIGN_STYLE = Automatic;
				DEVELOPMENT_TEAM = 4NFXNUDA89;
				GCC_C_LANGUAGE_STANDARD = gnu11;
				MACOSX_DEPLOYMENT_TARGET = 10.13;
				PRODUCT_NAME = "$(TARGET_NAME)";
				SDKROOT = macosx;
			};
			name = Release;
		};
		FA18862D1F9A7636009D0E1B /* Debug */ = {
			isa = XCBuildConfiguration;
			buildSettings = {
				ASSETCATALOG_COMPILER_APPICON_NAME = AppIcon;
				CLANG_ALLOW_NON_MODULAR_INCLUDES_IN_FRAMEWORK_MODULES = YES;
				CLANG_ANALYZER_NONNULL = YES;
				CLANG_ANALYZER_NUMBER_OBJECT_CONVERSION = YES_AGGRESSIVE;
				CLANG_CXX_LANGUAGE_STANDARD = "gnu++14";
				CLANG_WARN_DOCUMENTATION_COMMENTS = YES;
				CLANG_WARN_UNGUARDED_AVAILABILITY = YES_AGGRESSIVE;
				CODE_SIGN_ENTITLEMENTS = CorePromiseGUITest/CorePromiseGUITest.entitlements;
				CODE_SIGN_IDENTITY = "Mac Developer";
				CODE_SIGN_STYLE = Automatic;
				COMBINE_HIDPI_IMAGES = YES;
				DEVELOPMENT_TEAM = 4NFXNUDA89;
				GCC_C_LANGUAGE_STANDARD = gnu11;
				INFOPLIST_FILE = CorePromiseGUITest/Info.plist;
				LD_RUNPATH_SEARCH_PATHS = "$(inherited) @executable_path/../Frameworks";
				MACOSX_DEPLOYMENT_TARGET = 10.13;
				PRODUCT_BUNDLE_IDENTIFIER = com.bedroomcode.CorePromiseGUITest;
				PRODUCT_NAME = "$(TARGET_NAME)";
				SDKROOT = macosx;
			};
			name = Debug;
		};
		FA18862E1F9A7636009D0E1B /* Release */ = {
			isa = XCBuildConfiguration;
			buildSettings = {
				ASSETCATALOG_COMPILER_APPICON_NAME = AppIcon;
				CLANG_ALLOW_NON_MODULAR_INCLUDES_IN_FRAMEWORK_MODULES = YES;
				CLANG_ANALYZER_NONNULL = YES;
				CLANG_ANALYZER_NUMBER_OBJECT_CONVERSION = YES_AGGRESSIVE;
				CLANG_CXX_LANGUAGE_STANDARD = "gnu++14";
				CLANG_WARN_DOCUMENTATION_COMMENTS = YES;
				CLANG_WARN_UNGUARDED_AVAILABILITY = YES_AGGRESSIVE;
				CODE_SIGN_ENTITLEMENTS = CorePromiseGUITest/CorePromiseGUITest.entitlements;
				CODE_SIGN_IDENTITY = "Mac Developer";
				CODE_SIGN_STYLE = Automatic;
				COMBINE_HIDPI_IMAGES = YES;
				DEVELOPMENT_TEAM = 4NFXNUDA89;
				GCC_C_LANGUAGE_STANDARD = gnu11;
				INFOPLIST_FILE = CorePromiseGUITest/Info.plist;
				LD_RUNPATH_SEARCH_PATHS = "$(inherited) @executable_path/../Frameworks";
				MACOSX_DEPLOYMENT_TARGET = 10.13;
				PRODUCT_BUNDLE_IDENTIFIER = com.bedroomcode.CorePromiseGUITest;
				PRODUCT_NAME = "$(TARGET_NAME)";
				SDKROOT = macosx;
			};
			name = Release;
		};
		FA694B0D1CBC013A00217206 /* Debug */ = {
			isa = XCBuildConfiguration;
			buildSettings = {
				APPLICATION_EXTENSION_API_ONLY = YES;
				CLANG_ALLOW_NON_MODULAR_INCLUDES_IN_FRAMEWORK_MODULES = YES;
				CLANG_ANALYZER_NONNULL = YES;
				CODE_SIGN_IDENTITY = "";
				COMBINE_HIDPI_IMAGES = YES;
				DEFINES_MODULE = YES;
				DEVELOPMENT_TEAM = 4NFXNUDA89;
				DYLIB_COMPATIBILITY_VERSION = 1;
				DYLIB_CURRENT_VERSION = 1;
				DYLIB_INSTALL_NAME_BASE = "@rpath";
				FRAMEWORK_VERSION = A;
				INFOPLIST_FILE = CorePromise/Info.plist;
				INSTALL_PATH = "$(LOCAL_LIBRARY_DIR)/Frameworks";
				LD_RUNPATH_SEARCH_PATHS = "$(inherited) @executable_path/../Frameworks @loader_path/Frameworks";
				MACOSX_DEPLOYMENT_TARGET = 10.11;
				ONLY_ACTIVE_ARCH = NO;
				PRODUCT_BUNDLE_IDENTIFIER = com.bedroomcode.CorePromise;
				PRODUCT_NAME = CorePromise;
				PROVISIONING_PROFILE_SPECIFIER = "";
				SDKROOT = macosx;
				SKIP_INSTALL = YES;
			};
			name = Debug;
		};
		FA694B0E1CBC013A00217206 /* Release */ = {
			isa = XCBuildConfiguration;
			buildSettings = {
				APPLICATION_EXTENSION_API_ONLY = YES;
				CLANG_ALLOW_NON_MODULAR_INCLUDES_IN_FRAMEWORK_MODULES = YES;
				CLANG_ANALYZER_NONNULL = YES;
				CODE_SIGN_IDENTITY = "";
				COMBINE_HIDPI_IMAGES = YES;
				DEFINES_MODULE = YES;
				DEVELOPMENT_TEAM = 4NFXNUDA89;
				DYLIB_COMPATIBILITY_VERSION = 1;
				DYLIB_CURRENT_VERSION = 1;
				DYLIB_INSTALL_NAME_BASE = "@rpath";
				FRAMEWORK_VERSION = A;
				INFOPLIST_FILE = CorePromise/Info.plist;
				INSTALL_PATH = "$(LOCAL_LIBRARY_DIR)/Frameworks";
				LD_RUNPATH_SEARCH_PATHS = "$(inherited) @executable_path/../Frameworks @loader_path/Frameworks";
				MACOSX_DEPLOYMENT_TARGET = 10.11;
				ONLY_ACTIVE_ARCH = NO;
				PRODUCT_BUNDLE_IDENTIFIER = com.bedroomcode.CorePromise;
				PRODUCT_NAME = CorePromise;
				PROVISIONING_PROFILE_SPECIFIER = "";
				SDKROOT = macosx;
				SKIP_INSTALL = YES;
			};
			name = Release;
		};
		FA7A4C161C7BC6A3007A9ED4 /* Debug */ = {
			isa = XCBuildConfiguration;
			buildSettings = {
				ALWAYS_SEARCH_USER_PATHS = NO;
				CLANG_CXX_LANGUAGE_STANDARD = "gnu++0x";
				CLANG_CXX_LIBRARY = "libc++";
				CLANG_ENABLE_MODULES = YES;
				CLANG_ENABLE_OBJC_ARC = YES;
				CLANG_WARN_BLOCK_CAPTURE_AUTORELEASING = YES;
				CLANG_WARN_BOOL_CONVERSION = YES;
				CLANG_WARN_COMMA = YES;
				CLANG_WARN_CONSTANT_CONVERSION = YES;
				CLANG_WARN_DIRECT_OBJC_ISA_USAGE = YES_ERROR;
				CLANG_WARN_EMPTY_BODY = YES;
				CLANG_WARN_ENUM_CONVERSION = YES;
				CLANG_WARN_INFINITE_RECURSION = YES;
				CLANG_WARN_INT_CONVERSION = YES;
				CLANG_WARN_NON_LITERAL_NULL_CONVERSION = YES;
				CLANG_WARN_OBJC_LITERAL_CONVERSION = YES;
				CLANG_WARN_OBJC_ROOT_CLASS = YES_ERROR;
				CLANG_WARN_RANGE_LOOP_ANALYSIS = YES;
				CLANG_WARN_STRICT_PROTOTYPES = YES;
				CLANG_WARN_SUSPICIOUS_MOVE = YES;
				CLANG_WARN_UNREACHABLE_CODE = YES;
				CLANG_WARN__DUPLICATE_METHOD_MATCH = YES;
				"CODE_SIGN_IDENTITY[sdk=iphoneos*]" = "iPhone Developer";
				COPY_PHASE_STRIP = NO;
				CURRENT_PROJECT_VERSION = 1;
				DEBUG_INFORMATION_FORMAT = dwarf;
				ENABLE_STRICT_OBJC_MSGSEND = YES;
				ENABLE_TESTABILITY = YES;
				GCC_C_LANGUAGE_STANDARD = gnu99;
				GCC_DYNAMIC_NO_PIC = NO;
				GCC_NO_COMMON_BLOCKS = YES;
				GCC_OPTIMIZATION_LEVEL = 0;
				GCC_PREPROCESSOR_DEFINITIONS = (
					"DEBUG=1",
					"$(inherited)",
				);
				GCC_WARN_64_TO_32_BIT_CONVERSION = YES;
				GCC_WARN_ABOUT_RETURN_TYPE = YES_ERROR;
				GCC_WARN_UNDECLARED_SELECTOR = YES;
				GCC_WARN_UNINITIALIZED_AUTOS = YES_AGGRESSIVE;
				GCC_WARN_UNUSED_FUNCTION = YES;
				GCC_WARN_UNUSED_VARIABLE = YES;
				IPHONEOS_DEPLOYMENT_TARGET = 9.2;
				MTL_ENABLE_DEBUG_INFO = YES;
				ONLY_ACTIVE_ARCH = YES;
				SDKROOT = iphoneos;
				TARGETED_DEVICE_FAMILY = "1,2";
				VERSIONING_SYSTEM = "apple-generic";
				VERSION_INFO_PREFIX = "";
			};
			name = Debug;
		};
		FA7A4C171C7BC6A3007A9ED4 /* Release */ = {
			isa = XCBuildConfiguration;
			buildSettings = {
				ALWAYS_SEARCH_USER_PATHS = NO;
				CLANG_CXX_LANGUAGE_STANDARD = "gnu++0x";
				CLANG_CXX_LIBRARY = "libc++";
				CLANG_ENABLE_MODULES = YES;
				CLANG_ENABLE_OBJC_ARC = YES;
				CLANG_WARN_BLOCK_CAPTURE_AUTORELEASING = YES;
				CLANG_WARN_BOOL_CONVERSION = YES;
				CLANG_WARN_COMMA = YES;
				CLANG_WARN_CONSTANT_CONVERSION = YES;
				CLANG_WARN_DIRECT_OBJC_ISA_USAGE = YES_ERROR;
				CLANG_WARN_EMPTY_BODY = YES;
				CLANG_WARN_ENUM_CONVERSION = YES;
				CLANG_WARN_INFINITE_RECURSION = YES;
				CLANG_WARN_INT_CONVERSION = YES;
				CLANG_WARN_NON_LITERAL_NULL_CONVERSION = YES;
				CLANG_WARN_OBJC_LITERAL_CONVERSION = YES;
				CLANG_WARN_OBJC_ROOT_CLASS = YES_ERROR;
				CLANG_WARN_RANGE_LOOP_ANALYSIS = YES;
				CLANG_WARN_STRICT_PROTOTYPES = YES;
				CLANG_WARN_SUSPICIOUS_MOVE = YES;
				CLANG_WARN_UNREACHABLE_CODE = YES;
				CLANG_WARN__DUPLICATE_METHOD_MATCH = YES;
				"CODE_SIGN_IDENTITY[sdk=iphoneos*]" = "iPhone Developer";
				COPY_PHASE_STRIP = NO;
				CURRENT_PROJECT_VERSION = 1;
				DEBUG_INFORMATION_FORMAT = "dwarf-with-dsym";
				ENABLE_NS_ASSERTIONS = NO;
				ENABLE_STRICT_OBJC_MSGSEND = YES;
				GCC_C_LANGUAGE_STANDARD = gnu99;
				GCC_NO_COMMON_BLOCKS = YES;
				GCC_WARN_64_TO_32_BIT_CONVERSION = YES;
				GCC_WARN_ABOUT_RETURN_TYPE = YES_ERROR;
				GCC_WARN_UNDECLARED_SELECTOR = YES;
				GCC_WARN_UNINITIALIZED_AUTOS = YES_AGGRESSIVE;
				GCC_WARN_UNUSED_FUNCTION = YES;
				GCC_WARN_UNUSED_VARIABLE = YES;
				IPHONEOS_DEPLOYMENT_TARGET = 9.2;
				MTL_ENABLE_DEBUG_INFO = NO;
				SDKROOT = iphoneos;
				TARGETED_DEVICE_FAMILY = "1,2";
				VALIDATE_PRODUCT = YES;
				VERSIONING_SYSTEM = "apple-generic";
				VERSION_INFO_PREFIX = "";
			};
			name = Release;
		};
		FA7A4C191C7BC6A3007A9ED4 /* Debug */ = {
			isa = XCBuildConfiguration;
			buildSettings = {
				APPLICATION_EXTENSION_API_ONLY = YES;
				"CODE_SIGN_IDENTITY[sdk=iphoneos*]" = "";
				DEBUG_INFORMATION_FORMAT = "dwarf-with-dsym";
				DEFINES_MODULE = YES;
				DEVELOPMENT_TEAM = "";
				DYLIB_COMPATIBILITY_VERSION = 1;
				DYLIB_CURRENT_VERSION = 1;
				DYLIB_INSTALL_NAME_BASE = "@rpath";
				ENABLE_BITCODE = YES;
				INFOPLIST_FILE = CorePromise/Info.plist;
				INSTALL_PATH = "$(LOCAL_LIBRARY_DIR)/Frameworks";
				LD_RUNPATH_SEARCH_PATHS = "$(inherited) @executable_path/Frameworks @loader_path/Frameworks";
				ONLY_ACTIVE_ARCH = NO;
				PRODUCT_BUNDLE_IDENTIFIER = com.bedroomcode.CorePromise;
				PRODUCT_NAME = CorePromise;
				PROVISIONING_PROFILE_SPECIFIER = "";
				SKIP_INSTALL = YES;
			};
			name = Debug;
		};
		FA7A4C1A1C7BC6A3007A9ED4 /* Release */ = {
			isa = XCBuildConfiguration;
			buildSettings = {
				APPLICATION_EXTENSION_API_ONLY = YES;
				"CODE_SIGN_IDENTITY[sdk=iphoneos*]" = "";
				DEBUG_INFORMATION_FORMAT = "dwarf-with-dsym";
				DEFINES_MODULE = YES;
				DEVELOPMENT_TEAM = "";
				DYLIB_COMPATIBILITY_VERSION = 1;
				DYLIB_CURRENT_VERSION = 1;
				DYLIB_INSTALL_NAME_BASE = "@rpath";
				ENABLE_BITCODE = YES;
				INFOPLIST_FILE = CorePromise/Info.plist;
				INSTALL_PATH = "$(LOCAL_LIBRARY_DIR)/Frameworks";
				LD_RUNPATH_SEARCH_PATHS = "$(inherited) @executable_path/Frameworks @loader_path/Frameworks";
				ONLY_ACTIVE_ARCH = NO;
				PRODUCT_BUNDLE_IDENTIFIER = com.bedroomcode.CorePromise;
				PRODUCT_NAME = CorePromise;
				PROVISIONING_PROFILE_SPECIFIER = "";
				SKIP_INSTALL = YES;
			};
			name = Release;
		};
		FA7A4C1C1C7BC6A3007A9ED4 /* Debug */ = {
			isa = XCBuildConfiguration;
			buildSettings = {
				"CODE_SIGN_IDENTITY[sdk=iphoneos*]" = "iPhone Developer";
				DEVELOPMENT_TEAM = 4NFXNUDA89;
				GCC_WARN_ABOUT_RETURN_TYPE = NO;
				INFOPLIST_FILE = CorePromiseTests/Info.plist;
				LD_RUNPATH_SEARCH_PATHS = "$(inherited) @executable_path/Frameworks @loader_path/Frameworks";
				PRODUCT_BUNDLE_IDENTIFIER = com.bedroomcode.CorePromiseTests;
				PRODUCT_NAME = "$(TARGET_NAME)";
				PROVISIONING_PROFILE_SPECIFIER = "";
			};
			name = Debug;
		};
		FA7A4C1D1C7BC6A3007A9ED4 /* Release */ = {
			isa = XCBuildConfiguration;
			buildSettings = {
				"CODE_SIGN_IDENTITY[sdk=iphoneos*]" = "iPhone Developer";
				DEVELOPMENT_TEAM = 4NFXNUDA89;
				GCC_WARN_ABOUT_RETURN_TYPE = NO;
				INFOPLIST_FILE = CorePromiseTests/Info.plist;
				LD_RUNPATH_SEARCH_PATHS = "$(inherited) @executable_path/Frameworks @loader_path/Frameworks";
				PRODUCT_BUNDLE_IDENTIFIER = com.bedroomcode.CorePromiseTests;
				PRODUCT_NAME = "$(TARGET_NAME)";
				PROVISIONING_PROFILE_SPECIFIER = "";
			};
			name = Release;
		};
		FAAFB8D31EDB710500EB550B /* Debug */ = {
			isa = XCBuildConfiguration;
			buildSettings = {
				APPLICATION_EXTENSION_API_ONLY = YES;
				"CODE_SIGN_IDENTITY[sdk=appletvos*]" = "";
				"CODE_SIGN_IDENTITY[sdk=iphoneos*]" = "";
				DEBUG_INFORMATION_FORMAT = "dwarf-with-dsym";
				DEFINES_MODULE = YES;
				DEVELOPMENT_TEAM = "";
				DYLIB_COMPATIBILITY_VERSION = 1;
				DYLIB_CURRENT_VERSION = 1;
				DYLIB_INSTALL_NAME_BASE = "@rpath";
				ENABLE_BITCODE = YES;
				INFOPLIST_FILE = CorePromise/Info.plist;
				INSTALL_PATH = "$(LOCAL_LIBRARY_DIR)/Frameworks";
				LD_RUNPATH_SEARCH_PATHS = "$(inherited) @executable_path/Frameworks @loader_path/Frameworks";
				ONLY_ACTIVE_ARCH = YES;
				PRODUCT_BUNDLE_IDENTIFIER = com.bedroomcode.CorePromise;
				PRODUCT_NAME = CorePromise;
				PROVISIONING_PROFILE_SPECIFIER = "";
				SDKROOT = appletvos;
				SKIP_INSTALL = YES;
			};
			name = Debug;
		};
		FAAFB8D41EDB710500EB550B /* Release */ = {
			isa = XCBuildConfiguration;
			buildSettings = {
				APPLICATION_EXTENSION_API_ONLY = YES;
				"CODE_SIGN_IDENTITY[sdk=appletvos*]" = "";
				"CODE_SIGN_IDENTITY[sdk=iphoneos*]" = "";
				DEBUG_INFORMATION_FORMAT = "dwarf-with-dsym";
				DEFINES_MODULE = YES;
				DEVELOPMENT_TEAM = "";
				DYLIB_COMPATIBILITY_VERSION = 1;
				DYLIB_CURRENT_VERSION = 1;
				DYLIB_INSTALL_NAME_BASE = "@rpath";
				ENABLE_BITCODE = YES;
				INFOPLIST_FILE = CorePromise/Info.plist;
				INSTALL_PATH = "$(LOCAL_LIBRARY_DIR)/Frameworks";
				LD_RUNPATH_SEARCH_PATHS = "$(inherited) @executable_path/Frameworks @loader_path/Frameworks";
				ONLY_ACTIVE_ARCH = NO;
				PRODUCT_BUNDLE_IDENTIFIER = com.bedroomcode.CorePromise;
				PRODUCT_NAME = CorePromise;
				PROVISIONING_PROFILE_SPECIFIER = "";
				SDKROOT = appletvos;
				SKIP_INSTALL = YES;
			};
			name = Release;
		};
/* End XCBuildConfiguration section */

/* Begin XCConfigurationList section */
		FA18860F1F9A701A009D0E1B /* Build configuration list for PBXNativeTarget "CorePromiseTestTool" */ = {
			isa = XCConfigurationList;
			buildConfigurations = (
				FA18860D1F9A701A009D0E1B /* Debug */,
				FA18860E1F9A701A009D0E1B /* Release */,
			);
			defaultConfigurationIsVisible = 0;
			defaultConfigurationName = Release;
		};
		FA18862C1F9A7636009D0E1B /* Build configuration list for PBXNativeTarget "CorePromiseGUITest" */ = {
			isa = XCConfigurationList;
			buildConfigurations = (
				FA18862D1F9A7636009D0E1B /* Debug */,
				FA18862E1F9A7636009D0E1B /* Release */,
			);
			defaultConfigurationIsVisible = 0;
			defaultConfigurationName = Release;
		};
		FA694B0C1CBC013A00217206 /* Build configuration list for PBXNativeTarget "CorePromise Mac" */ = {
			isa = XCConfigurationList;
			buildConfigurations = (
				FA694B0D1CBC013A00217206 /* Debug */,
				FA694B0E1CBC013A00217206 /* Release */,
			);
			defaultConfigurationIsVisible = 0;
			defaultConfigurationName = Release;
		};
		FA7A4BFE1C7BC6A3007A9ED4 /* Build configuration list for PBXProject "CorePromise" */ = {
			isa = XCConfigurationList;
			buildConfigurations = (
				FA7A4C161C7BC6A3007A9ED4 /* Debug */,
				FA7A4C171C7BC6A3007A9ED4 /* Release */,
			);
			defaultConfigurationIsVisible = 0;
			defaultConfigurationName = Release;
		};
		FA7A4C181C7BC6A3007A9ED4 /* Build configuration list for PBXNativeTarget "CorePromise iOS" */ = {
			isa = XCConfigurationList;
			buildConfigurations = (
				FA7A4C191C7BC6A3007A9ED4 /* Debug */,
				FA7A4C1A1C7BC6A3007A9ED4 /* Release */,
			);
			defaultConfigurationIsVisible = 0;
			defaultConfigurationName = Release;
		};
		FA7A4C1B1C7BC6A3007A9ED4 /* Build configuration list for PBXNativeTarget "CorePromiseTests" */ = {
			isa = XCConfigurationList;
			buildConfigurations = (
				FA7A4C1C1C7BC6A3007A9ED4 /* Debug */,
				FA7A4C1D1C7BC6A3007A9ED4 /* Release */,
			);
			defaultConfigurationIsVisible = 0;
			defaultConfigurationName = Release;
		};
		FAAFB8D21EDB710500EB550B /* Build configuration list for PBXNativeTarget "CorePromise ATV" */ = {
			isa = XCConfigurationList;
			buildConfigurations = (
				FAAFB8D31EDB710500EB550B /* Debug */,
				FAAFB8D41EDB710500EB550B /* Release */,
			);
			defaultConfigurationIsVisible = 0;
			defaultConfigurationName = Release;
		};
/* End XCConfigurationList section */
	};
	rootObject = FA7A4BFB1C7BC6A3007A9ED4 /* Project object */;
}
